
Microsoft Visual Studio Solution File, Format Version 12.00
# Visual Studio Version 17
VisualStudioVersion = 17.2.32630.192
MinimumVisualStudioVersion = 10.0.40219.1
Project("{FAE04EC0-301F-11D3-BF4B-00C04F79EFBC}") = "ProjetoCalculadora", "ProjetoCalculadora\ProjetoCalculadora.csproj", "{7997FA62-E341-40A6-BD73-319116E6F8BA}"
EndProject
Global
	GlobalSection(SolutionConfigurationPlatforms) = preSolution
		Debug|Any CPU = Debug|Any CPU
		Release|Any CPU = Release|Any CPU
	EndGlobalSection
	GlobalSection(ProjectConfigurationPlatforms) = postSolution
		{7997FA62-E341-40A6-BD73-319116E6F8BA}.Debug|Any CPU.ActiveCfg = Debug|Any CPU
		{7997FA62-E341-40A6-BD73-319116E6F8BA}.Debug|Any CPU.Build.0 = Debug|Any CPU
		{7997FA62-E341-40A6-BD73-319116E6F8BA}.Release|Any CPU.ActiveCfg = Release|Any CPU
		{7997FA62-E341-40A6-BD73-319116E6F8BA}.Release|Any CPU.Build.0 = Release|Any CPU
	EndGlobalSection
	GlobalSection(SolutionProperties) = preSolution
		HideSolutionNode = FALSE
	EndGlobalSection
	GlobalSection(ExtensibilityGlobals) = postSolution
		SolutionGuid = {0A33CECC-ECDA-4D2D-B61B-C5677BA185CA}
	EndGlobalSection
EndGlobal
